
Microsoft Visual Studio Solution File, Format Version 12.00
# Visual Studio Version 17
VisualStudioVersion = 17.9.34728.123
MinimumVisualStudioVersion = 10.0.40219.1
Project("{9A19103F-16F7-4668-BE54-9A1E7A4F7556}") = "Lab_1", "Lab_1\Lab_1.csproj", "{BC4EEBEE-0941-4A7E-BEF4-B4DDB6670708}"
EndProject
Project("{9A19103F-16F7-4668-BE54-9A1E7A4F7556}") = "Lab_1_Tests", "Lab_1_Tests\Lab_1_Tests.csproj", "{6D821E71-DC1F-465A-B006-94EDCF744AF4}"
EndProject
Project("{FAE04EC0-301F-11D3-BF4B-00C04F79EFBC}") = "TEST_FOR_FUCKING_TEST", "TEST_FOR_FUCKING_TEST\TEST_FOR_FUCKING_TEST.csproj", "{7C298863-4200-4457-A8DA-70A05F350812}"
EndProject
Global
	GlobalSection(SolutionConfigurationPlatforms) = preSolution
		Debug|Any CPU = Debug|Any CPU
		Release|Any CPU = Release|Any CPU
	EndGlobalSection
	GlobalSection(ProjectConfigurationPlatforms) = postSolution
		{BC4EEBEE-0941-4A7E-BEF4-B4DDB6670708}.Debug|Any CPU.ActiveCfg = Debug|Any CPU
		{BC4EEBEE-0941-4A7E-BEF4-B4DDB6670708}.Debug|Any CPU.Build.0 = Debug|Any CPU
		{BC4EEBEE-0941-4A7E-BEF4-B4DDB6670708}.Release|Any CPU.ActiveCfg = Release|Any CPU
		{BC4EEBEE-0941-4A7E-BEF4-B4DDB6670708}.Release|Any CPU.Build.0 = Release|Any CPU
		{6D821E71-DC1F-465A-B006-94EDCF744AF4}.Debug|Any CPU.ActiveCfg = Debug|Any CPU
		{6D821E71-DC1F-465A-B006-94EDCF744AF4}.Debug|Any CPU.Build.0 = Debug|Any CPU
		{6D821E71-DC1F-465A-B006-94EDCF744AF4}.Release|Any CPU.ActiveCfg = Release|Any CPU
		{6D821E71-DC1F-465A-B006-94EDCF744AF4}.Release|Any CPU.Build.0 = Release|Any CPU
		{7C298863-4200-4457-A8DA-70A05F350812}.Debug|Any CPU.ActiveCfg = Debug|Any CPU
		{7C298863-4200-4457-A8DA-70A05F350812}.Debug|Any CPU.Build.0 = Debug|Any CPU
		{7C298863-4200-4457-A8DA-70A05F350812}.Release|Any CPU.ActiveCfg = Release|Any CPU
		{7C298863-4200-4457-A8DA-70A05F350812}.Release|Any CPU.Build.0 = Release|Any CPU
	EndGlobalSection
	GlobalSection(SolutionProperties) = preSolution
		HideSolutionNode = FALSE
	EndGlobalSection
	GlobalSection(ExtensibilityGlobals) = postSolution
		SolutionGuid = {80C0585A-862E-43EE-9CF2-C07816AA4DEA}
	EndGlobalSection
EndGlobal
